
Microsoft Visual Studio Solution File, Format Version 12.00
# Visual Studio Version 17
VisualStudioVersion = 17.14.36414.22 d17.14
MinimumVisualStudioVersion = 10.0.40219.1
Project("{FAE04EC0-301F-11D3-BF4B-00C04F79EFBC}") = "osa4", "osa4\osa4.csproj", "{3B971098-7AD3-43E9-8B60-76139C6A035F}"
EndProject
Global
	GlobalSection(SolutionConfigurationPlatforms) = preSolution
		Debug|Any CPU = Debug|Any CPU
		Release|Any CPU = Release|Any CPU
	EndGlobalSection
	GlobalSection(ProjectConfigurationPlatforms) = postSolution
		{3B971098-7AD3-43E9-8B60-76139C6A035F}.Debug|Any CPU.ActiveCfg = Debug|Any CPU
		{3B971098-7AD3-43E9-8B60-76139C6A035F}.Debug|Any CPU.Build.0 = Debug|Any CPU
		{3B971098-7AD3-43E9-8B60-76139C6A035F}.Release|Any CPU.ActiveCfg = Release|Any CPU
		{3B971098-7AD3-43E9-8B60-76139C6A035F}.Release|Any CPU.Build.0 = Release|Any CPU
	EndGlobalSection
	GlobalSection(SolutionProperties) = preSolution
		HideSolutionNode = FALSE
	EndGlobalSection
	GlobalSection(ExtensibilityGlobals) = postSolution
		SolutionGuid = {75B9FA69-2615-4FEF-93D9-A3B1CCE8CDB9}
	EndGlobalSection
EndGlobal
